
Microsoft Visual Studio Solution File, Format Version 12.00
# Visual Studio Version 16
VisualStudioVersion = 16.0.29006.145
MinimumVisualStudioVersion = 10.0.40219.1
Project("{2150E333-8FDC-42A3-9474-1A3956D46DE8}") = "Solution Items", "Solution Items", "{905310DF-3C36-47E7-BD0B-56BB21AD92BD}"
	ProjectSection(SolutionItems) = preProject
		.editorconfig = .editorconfig
		Projects\Tinkar\Notes.txt = Projects\Tinkar\Notes.txt
		Projects\Tinkar\Questions.txt = Projects\Tinkar\Questions.txt
	EndProjectSection
EndProject
Project("{9A19103F-16F7-4668-BE54-9A1E7A4F7556}") = "Tinkar", "Projects\Tinkar\Tinkar.csproj", "{2329E09E-5663-40EE-8AD6-4463B3C59F3C}"
EndProject
Project("{9A19103F-16F7-4668-BE54-9A1E7A4F7556}") = "Tinkar.XUnitTests", "Projects\Tinkar.XUnitTests\Tinkar.XUnitTests.csproj", "{62742954-C463-4F6F-A859-70E14BAFA8B7}"
EndProject
Project("{9A19103F-16F7-4668-BE54-9A1E7A4F7556}") = "Tinkar.Dto", "Projects\Tinkar.Dto\Tinkar.Dto.csproj", "{02030BD0-C83D-434A-841B-CC6D73A024A3}"
EndProject
Project("{9A19103F-16F7-4668-BE54-9A1E7A4F7556}") = "Tinkar.Protobuf-cs", "..\Tinkar.Protobuf\Projects\Tinkar.Protobuf-cs\Tinkar.Protobuf-cs.csproj", "{FCBEADE2-6228-4ADA-AD59-C59DC1141FA6}"
EndProject
Global
	GlobalSection(SolutionConfigurationPlatforms) = preSolution
		Debug|Any CPU = Debug|Any CPU
		Debug|x64 = Debug|x64
		Release|Any CPU = Release|Any CPU
		Release|x64 = Release|x64
	EndGlobalSection
	GlobalSection(ProjectConfigurationPlatforms) = postSolution
		{2329E09E-5663-40EE-8AD6-4463B3C59F3C}.Debug|Any CPU.ActiveCfg = Debug|Any CPU
		{2329E09E-5663-40EE-8AD6-4463B3C59F3C}.Debug|Any CPU.Build.0 = Debug|Any CPU
		{2329E09E-5663-40EE-8AD6-4463B3C59F3C}.Debug|x64.ActiveCfg = Debug|x64
		{2329E09E-5663-40EE-8AD6-4463B3C59F3C}.Debug|x64.Build.0 = Debug|x64
		{2329E09E-5663-40EE-8AD6-4463B3C59F3C}.Release|Any CPU.ActiveCfg = Release|Any CPU
		{2329E09E-5663-40EE-8AD6-4463B3C59F3C}.Release|Any CPU.Build.0 = Release|Any CPU
		{2329E09E-5663-40EE-8AD6-4463B3C59F3C}.Release|x64.ActiveCfg = Release|x64
		{2329E09E-5663-40EE-8AD6-4463B3C59F3C}.Release|x64.Build.0 = Release|x64
		{62742954-C463-4F6F-A859-70E14BAFA8B7}.Debug|Any CPU.ActiveCfg = Debug|Any CPU
		{62742954-C463-4F6F-A859-70E14BAFA8B7}.Debug|Any CPU.Build.0 = Debug|Any CPU
		{62742954-C463-4F6F-A859-70E14BAFA8B7}.Debug|x64.ActiveCfg = Debug|Any CPU
		{62742954-C463-4F6F-A859-70E14BAFA8B7}.Debug|x64.Build.0 = Debug|Any CPU
		{62742954-C463-4F6F-A859-70E14BAFA8B7}.Release|Any CPU.ActiveCfg = Release|Any CPU
		{62742954-C463-4F6F-A859-70E14BAFA8B7}.Release|Any CPU.Build.0 = Release|Any CPU
		{62742954-C463-4F6F-A859-70E14BAFA8B7}.Release|x64.ActiveCfg = Release|Any CPU
		{62742954-C463-4F6F-A859-70E14BAFA8B7}.Release|x64.Build.0 = Release|Any CPU
		{02030BD0-C83D-434A-841B-CC6D73A024A3}.Debug|Any CPU.ActiveCfg = Debug|Any CPU
		{02030BD0-C83D-434A-841B-CC6D73A024A3}.Debug|Any CPU.Build.0 = Debug|Any CPU
		{02030BD0-C83D-434A-841B-CC6D73A024A3}.Debug|x64.ActiveCfg = Debug|x64
		{02030BD0-C83D-434A-841B-CC6D73A024A3}.Debug|x64.Build.0 = Debug|x64
		{02030BD0-C83D-434A-841B-CC6D73A024A3}.Release|Any CPU.ActiveCfg = Release|Any CPU
		{02030BD0-C83D-434A-841B-CC6D73A024A3}.Release|Any CPU.Build.0 = Release|Any CPU
		{02030BD0-C83D-434A-841B-CC6D73A024A3}.Release|x64.ActiveCfg = Release|x64
		{02030BD0-C83D-434A-841B-CC6D73A024A3}.Release|x64.Build.0 = Release|x64
		{FCBEADE2-6228-4ADA-AD59-C59DC1141FA6}.Debug|Any CPU.ActiveCfg = Debug|Any CPU
		{FCBEADE2-6228-4ADA-AD59-C59DC1141FA6}.Debug|Any CPU.Build.0 = Debug|Any CPU
		{FCBEADE2-6228-4ADA-AD59-C59DC1141FA6}.Debug|x64.ActiveCfg = Debug|Any CPU
		{FCBEADE2-6228-4ADA-AD59-C59DC1141FA6}.Debug|x64.Build.0 = Debug|Any CPU
		{FCBEADE2-6228-4ADA-AD59-C59DC1141FA6}.Release|Any CPU.ActiveCfg = Release|Any CPU
		{FCBEADE2-6228-4ADA-AD59-C59DC1141FA6}.Release|Any CPU.Build.0 = Release|Any CPU
		{FCBEADE2-6228-4ADA-AD59-C59DC1141FA6}.Release|x64.ActiveCfg = Release|Any CPU
		{FCBEADE2-6228-4ADA-AD59-C59DC1141FA6}.Release|x64.Build.0 = Release|Any CPU
	EndGlobalSection
	GlobalSection(SolutionProperties) = preSolution
		HideSolutionNode = FALSE
	EndGlobalSection
	GlobalSection(ExtensibilityGlobals) = postSolution
		SolutionGuid = {90499BD7-964F-4CE5-A761-BDF9EC6DCE28}
	EndGlobalSection
EndGlobal
